# This file is automatically @generated by Poetry 1.4.2 and should not be changed by hand.

[[package]]
name = "fuzzylogic"
version = "1.2.0"
description = "Fuzzy Logic for Python 3"
category = "main"
optional = false
python-versions = ">=3.7"
files = [
    {file = "fuzzylogic-1.2.0.tar.gz", hash = "sha256:2bcdb96c83d93e67d432bb00eec2d6501f062a35526843a9921b3281d11d533c"},
]

[metadata]
lock-version = "2.0"
python-versions = "^3.11"
content-hash = "c4381413c28dc06553f23b683d96de8c9f7ff3bd73b3bff6f49dbc2e9d5d5bf1"
